
Microsoft Visual Studio Solution File, Format Version 12.00
# Visual Studio Version 17
VisualStudioVersion = 17.0.31903.59
MinimumVisualStudioVersion = 10.0.40219.1
Project("{FAE04EC0-301F-11D3-BF4B-00C04F79EFBC}") = "API", "API\API.csproj", "{8EB36B80-2DAD-4587-BA26-2F119920F468}"
EndProject
Project("{FAE04EC0-301F-11D3-BF4B-00C04F79EFBC}") = "Core", "Core\Core.csproj", "{EA7B77A4-C68A-4B31-8816-0217F399D670}"
EndProject
Project("{FAE04EC0-301F-11D3-BF4B-00C04F79EFBC}") = "Infrastructure", "Infrastructure\Infrastructure.csproj", "{818CF492-75F8-48A5-8D20-3801F7814FE3}"
EndProject
Global
	GlobalSection(SolutionConfigurationPlatforms) = preSolution
		Debug|Any CPU = Debug|Any CPU
		Release|Any CPU = Release|Any CPU
	EndGlobalSection
	GlobalSection(SolutionProperties) = preSolution
		HideSolutionNode = FALSE
	EndGlobalSection
	GlobalSection(ProjectConfigurationPlatforms) = postSolution
		{8EB36B80-2DAD-4587-BA26-2F119920F468}.Debug|Any CPU.ActiveCfg = Debug|Any CPU
		{8EB36B80-2DAD-4587-BA26-2F119920F468}.Debug|Any CPU.Build.0 = Debug|Any CPU
		{8EB36B80-2DAD-4587-BA26-2F119920F468}.Release|Any CPU.ActiveCfg = Release|Any CPU
		{8EB36B80-2DAD-4587-BA26-2F119920F468}.Release|Any CPU.Build.0 = Release|Any CPU
		{EA7B77A4-C68A-4B31-8816-0217F399D670}.Debug|Any CPU.ActiveCfg = Debug|Any CPU
		{EA7B77A4-C68A-4B31-8816-0217F399D670}.Debug|Any CPU.Build.0 = Debug|Any CPU
		{EA7B77A4-C68A-4B31-8816-0217F399D670}.Release|Any CPU.ActiveCfg = Release|Any CPU
		{EA7B77A4-C68A-4B31-8816-0217F399D670}.Release|Any CPU.Build.0 = Release|Any CPU
		{818CF492-75F8-48A5-8D20-3801F7814FE3}.Debug|Any CPU.ActiveCfg = Debug|Any CPU
		{818CF492-75F8-48A5-8D20-3801F7814FE3}.Debug|Any CPU.Build.0 = Debug|Any CPU
		{818CF492-75F8-48A5-8D20-3801F7814FE3}.Release|Any CPU.ActiveCfg = Release|Any CPU
		{818CF492-75F8-48A5-8D20-3801F7814FE3}.Release|Any CPU.Build.0 = Release|Any CPU
	EndGlobalSection
EndGlobal
